
Microsoft Visual Studio Solution File, Format Version 12.00
# Visual Studio Version 17
VisualStudioVersion = 17.8.34330.188
MinimumVisualStudioVersion = 10.0.40219.1
Project("{FAE04EC0-301F-11D3-BF4B-00C04F79EFBC}") = "PatternRecognitionTool", "PatternRecognitionTool\PatternRecognitionTool.csproj", "{D4AC482B-A87D-47F3-94FC-C01AA00950B6}"
EndProject
Global
	GlobalSection(SolutionConfigurationPlatforms) = preSolution
		Debug|Any CPU = Debug|Any CPU
		Release|Any CPU = Release|Any CPU
	EndGlobalSection
	GlobalSection(ProjectConfigurationPlatforms) = postSolution
		{D4AC482B-A87D-47F3-94FC-C01AA00950B6}.Debug|Any CPU.ActiveCfg = Debug|Any CPU
		{D4AC482B-A87D-47F3-94FC-C01AA00950B6}.Debug|Any CPU.Build.0 = Debug|Any CPU
		{D4AC482B-A87D-47F3-94FC-C01AA00950B6}.Release|Any CPU.ActiveCfg = Release|Any CPU
		{D4AC482B-A87D-47F3-94FC-C01AA00950B6}.Release|Any CPU.Build.0 = Release|Any CPU
	EndGlobalSection
	GlobalSection(SolutionProperties) = preSolution
		HideSolutionNode = FALSE
	EndGlobalSection
	GlobalSection(ExtensibilityGlobals) = postSolution
		SolutionGuid = {C4325437-2748-48B6-A7AC-3F3A832E51A3}
	EndGlobalSection
EndGlobal
